// !$*UTF8*$!
{
	archiveVersion = 1;
	classes = {
	};
	objectVersion = 56;
	objects = {

/* Begin PBXBuildFile section */
		9FAB4D552A026C9600323E32 /* AppDelegate.swift in Sources */ = {isa = PBXBuildFile; fileRef = 9FAB4D542A026C9600323E32 /* AppDelegate.swift */; };
		9FAB4D572A026C9600323E32 /* SceneDelegate.swift in Sources */ = {isa = PBXBuildFile; fileRef = 9FAB4D562A026C9600323E32 /* SceneDelegate.swift */; };
		9FAB4D592A026C9600323E32 /* ViewController.swift in Sources */ = {isa = PBXBuildFile; fileRef = 9FAB4D582A026C9600323E32 /* ViewController.swift */; };
		9FAB4D5C2A026C9600323E32 /* Main.storyboard in Resources */ = {isa = PBXBuildFile; fileRef = 9FAB4D5A2A026C9600323E32 /* Main.storyboard */; };
		9FAB4D5E2A026C9700323E32 /* Assets.xcassets in Resources */ = {isa = PBXBuildFile; fileRef = 9FAB4D5D2A026C9700323E32 /* Assets.xcassets */; };
		9FAB4D612A026C9700323E32 /* LaunchScreen.storyboard in Resources */ = {isa = PBXBuildFile; fileRef = 9FAB4D5F2A026C9700323E32 /* LaunchScreen.storyboard */; };
		9FAB4D6C2A026C9800323E32 /* BusinessLogicAppTests.swift in Sources */ = {isa = PBXBuildFile; fileRef = 9FAB4D6B2A026C9800323E32 /* BusinessLogicAppTests.swift */; };
		9FAB4D762A026C9800323E32 /* BusinessLogicAppUITests.swift in Sources */ = {isa = PBXBuildFile; fileRef = 9FAB4D752A026C9800323E32 /* BusinessLogicAppUITests.swift */; };
		9FAB4D782A026C9800323E32 /* BusinessLogicAppUITestsLaunchTests.swift in Sources */ = {isa = PBXBuildFile; fileRef = 9FAB4D772A026C9800323E32 /* BusinessLogicAppUITestsLaunchTests.swift */; };
/* End PBXBuildFile section */

/* Begin PBXContainerItemProxy section */
		9FAB4D682A026C9800323E32 /* PBXContainerItemProxy */ = {
			isa = PBXContainerItemProxy;
			containerPortal = 9FAB4D492A026C9600323E32 /* Project object */;
			proxyType = 1;
			remoteGlobalIDString = 9FAB4D502A026C9600323E32;
			remoteInfo = BusinessLogicApp;
		};
		9FAB4D722A026C9800323E32 /* PBXContainerItemProxy */ = {
			isa = PBXContainerItemProxy;
			containerPortal = 9FAB4D492A026C9600323E32 /* Project object */;
			proxyType = 1;
			remoteGlobalIDString = 9FAB4D502A026C9600323E32;
			remoteInfo = BusinessLogicApp;
		};
/* End PBXContainerItemProxy section */

/* Begin PBXFileReference section */
		9FAB4D512A026C9600323E32 /* BusinessLogicApp.app */ = {isa = PBXFileReference; explicitFileType = wrapper.application; includeInIndex = 0; path = BusinessLogicApp.app; sourceTree = BUILT_PRODUCTS_DIR; };
		9FAB4D542A026C9600323E32 /* AppDelegate.swift */ = {isa = PBXFileReference; lastKnownFileType = sourcecode.swift; path = AppDelegate.swift; sourceTree = "<group>"; };
		9FAB4D562A026C9600323E32 /* SceneDelegate.swift */ = {isa = PBXFileReference; lastKnownFileType = sourcecode.swift; path = SceneDelegate.swift; sourceTree = "<group>"; };
		9FAB4D582A026C9600323E32 /* ViewController.swift */ = {isa = PBXFileReference; lastKnownFileType = sourcecode.swift; path = ViewController.swift; sourceTree = "<group>"; };
		9FAB4D5B2A026C9600323E32 /* Base */ = {isa = PBXFileReference; lastKnownFileType = file.storyboard; name = Base; path = Base.lproj/Main.storyboard; sourceTree = "<group>"; };
		9FAB4D5D2A026C9700323E32 /* Assets.xcassets */ = {isa = PBXFileReference; lastKnownFileType = folder.assetcatalog; path = Assets.xcassets; sourceTree = "<group>"; };
		9FAB4D602A026C9700323E32 /* Base */ = {isa = PBXFileReference; lastKnownFileType = file.storyboard; name = Base; path = Base.lproj/LaunchScreen.storyboard; sourceTree = "<group>"; };
		9FAB4D622A026C9700323E32 /* Info.plist */ = {isa = PBXFileReference; lastKnownFileType = text.plist.xml; path = Info.plist; sourceTree = "<group>"; };
		9FAB4D672A026C9800323E32 /* BusinessLogicAppTests.xctest */ = {isa = PBXFileReference; explicitFileType = wrapper.cfbundle; includeInIndex = 0; path = BusinessLogicAppTests.xctest; sourceTree = BUILT_PRODUCTS_DIR; };
		9FAB4D6B2A026C9800323E32 /* BusinessLogicAppTests.swift */ = {isa = PBXFileReference; lastKnownFileType = sourcecode.swift; path = BusinessLogicAppTests.swift; sourceTree = "<group>"; };
		9FAB4D712A026C9800323E32 /* BusinessLogicAppUITests.xctest */ = {isa = PBXFileReference; explicitFileType = wrapper.cfbundle; includeInIndex = 0; path = BusinessLogicAppUITests.xctest; sourceTree = BUILT_PRODUCTS_DIR; };
		9FAB4D752A026C9800323E32 /* BusinessLogicAppUITests.swift */ = {isa = PBXFileReference; lastKnownFileType = sourcecode.swift; path = BusinessLogicAppUITests.swift; sourceTree = "<group>"; };
		9FAB4D772A026C9800323E32 /* BusinessLogicAppUITestsLaunchTests.swift */ = {isa = PBXFileReference; lastKnownFileType = sourcecode.swift; path = BusinessLogicAppUITestsLaunchTests.swift; sourceTree = "<group>"; };
/* End PBXFileReference section */

/* Begin PBXFrameworksBuildPhase section */
		9FAB4D4E2A026C9600323E32 /* Frameworks */ = {
			isa = PBXFrameworksBuildPhase;
			buildActionMask = 2147483647;
			files = (
			);
			runOnlyForDeploymentPostprocessing = 0;
		};
		9FAB4D642A026C9800323E32 /* Frameworks */ = {
			isa = PBXFrameworksBuildPhase;
			buildActionMask = 2147483647;
			files = (
			);
			runOnlyForDeploymentPostprocessing = 0;
		};
		9FAB4D6E2A026C9800323E32 /* Frameworks */ = {
			isa = PBXFrameworksBuildPhase;
			buildActionMask = 2147483647;
			files = (
			);
			runOnlyForDeploymentPostprocessing = 0;
		};
/* End PBXFrameworksBuildPhase section */

/* Begin PBXGroup section */
		9FAB4D482A026C9600323E32 = {
			isa = PBXGroup;
			children = (
				9FAB4D532A026C9600323E32 /* BusinessLogicApp */,
				9FAB4D6A2A026C9800323E32 /* BusinessLogicAppTests */,
				9FAB4D742A026C9800323E32 /* BusinessLogicAppUITests */,
				9FAB4D522A026C9600323E32 /* Products */,
			);
			sourceTree = "<group>";
		};
		9FAB4D522A026C9600323E32 /* Products */ = {
			isa = PBXGroup;
			children = (
				9FAB4D512A026C9600323E32 /* BusinessLogicApp.app */,
				9FAB4D672A026C9800323E32 /* BusinessLogicAppTests.xctest */,
				9FAB4D712A026C9800323E32 /* BusinessLogicAppUITests.xctest */,
			);
			name = Products;
			sourceTree = "<group>";
		};
		9FAB4D532A026C9600323E32 /* BusinessLogicApp */ = {
			isa = PBXGroup;
			children = (
				9FAB4D542A026C9600323E32 /* AppDelegate.swift */,
				9FAB4D562A026C9600323E32 /* SceneDelegate.swift */,
				9FAB4D582A026C9600323E32 /* ViewController.swift */,
				9FAB4D5A2A026C9600323E32 /* Main.storyboard */,
				9FAB4D5D2A026C9700323E32 /* Assets.xcassets */,
				9FAB4D5F2A026C9700323E32 /* LaunchScreen.storyboard */,
				9FAB4D622A026C9700323E32 /* Info.plist */,
			);
			path = BusinessLogicApp;
			sourceTree = "<group>";
		};
		9FAB4D6A2A026C9800323E32 /* BusinessLogicAppTests */ = {
			isa = PBXGroup;
			children = (
				9FAB4D6B2A026C9800323E32 /* BusinessLogicAppTests.swift */,
			);
			path = BusinessLogicAppTests;
			sourceTree = "<group>";
		};
		9FAB4D742A026C9800323E32 /* BusinessLogicAppUITests */ = {
			isa = PBXGroup;
			children = (
				9FAB4D752A026C9800323E32 /* BusinessLogicAppUITests.swift */,
				9FAB4D772A026C9800323E32 /* BusinessLogicAppUITestsLaunchTests.swift */,
			);
			path = BusinessLogicAppUITests;
			sourceTree = "<group>";
		};
/* End PBXGroup section */

/* Begin PBXNativeTarget section */
		9FAB4D502A026C9600323E32 /* BusinessLogicApp */ = {
			isa = PBXNativeTarget;
			buildConfigurationList = 9FAB4D7B2A026C9800323E32 /* Build configuration list for PBXNativeTarget "BusinessLogicApp" */;
			buildPhases = (
				9FAB4D4D2A026C9600323E32 /* Sources */,
				9FAB4D4E2A026C9600323E32 /* Frameworks */,
				9FAB4D4F2A026C9600323E32 /* Resources */,
			);
			buildRules = (
			);
			dependencies = (
			);
			name = BusinessLogicApp;
			productName = BusinessLogicApp;
			productReference = 9FAB4D512A026C9600323E32 /* BusinessLogicApp.app */;
			productType = "com.apple.product-type.application";
		};
		9FAB4D662A026C9800323E32 /* BusinessLogicAppTests */ = {
			isa = PBXNativeTarget;
			buildConfigurationList = 9FAB4D7E2A026C9800323E32 /* Build configuration list for PBXNativeTarget "BusinessLogicAppTests" */;
			buildPhases = (
				9FAB4D632A026C9800323E32 /* Sources */,
				9FAB4D642A026C9800323E32 /* Frameworks */,
				9FAB4D652A026C9800323E32 /* Resources */,
			);
			buildRules = (
			);
			dependencies = (
				9FAB4D692A026C9800323E32 /* PBXTargetDependency */,
			);
			name = BusinessLogicAppTests;
			productName = BusinessLogicAppTests;
			productReference = 9FAB4D672A026C9800323E32 /* BusinessLogicAppTests.xctest */;
			productType = "com.apple.product-type.bundle.unit-test";
		};
		9FAB4D702A026C9800323E32 /* BusinessLogicAppUITests */ = {
			isa = PBXNativeTarget;
			buildConfigurationList = 9FAB4D812A026C9800323E32 /* Build configuration list for PBXNativeTarget "BusinessLogicAppUITests" */;
			buildPhases = (
				9FAB4D6D2A026C9800323E32 /* Sources */,
				9FAB4D6E2A026C9800323E32 /* Frameworks */,
				9FAB4D6F2A026C9800323E32 /* Resources */,
			);
			buildRules = (
			);
			dependencies = (
				9FAB4D732A026C9800323E32 /* PBXTargetDependency */,
			);
			name = BusinessLogicAppUITests;
			productName = BusinessLogicAppUITests;
			productReference = 9FAB4D712A026C9800323E32 /* BusinessLogicAppUITests.xctest */;
			productType = "com.apple.product-type.bundle.ui-testing";
		};
/* End PBXNativeTarget section */

/* Begin PBXProject section */
		9FAB4D492A026C9600323E32 /* Project object */ = {
			isa = PBXProject;
			attributes = {
				BuildIndependentTargetsInParallel = 1;
				LastSwiftUpdateCheck = 1420;
				LastUpgradeCheck = 1420;
				TargetAttributes = {
					9FAB4D502A026C9600323E32 = {
						CreatedOnToolsVersion = 14.2;
					};
					9FAB4D662A026C9800323E32 = {
						CreatedOnToolsVersion = 14.2;
						TestTargetID = 9FAB4D502A026C9600323E32;
					};
					9FAB4D702A026C9800323E32 = {
						CreatedOnToolsVersion = 14.2;
						TestTargetID = 9FAB4D502A026C9600323E32;
					};
				};
			};
			buildConfigurationList = 9FAB4D4C2A026C9600323E32 /* Build configuration list for PBXProject "BusinessLogicApp" */;
			compatibilityVersion = "Xcode 14.0";
			developmentRegion = en;
			hasScannedForEncodings = 0;
			knownRegions = (
				en,
				Base,
			);
			mainGroup = 9FAB4D482A026C9600323E32;
			productRefGroup = 9FAB4D522A026C9600323E32 /* Products */;
			projectDirPath = "";
			projectRoot = "";
			targets = (
				9FAB4D502A026C9600323E32 /* BusinessLogicApp */,
				9FAB4D662A026C9800323E32 /* BusinessLogicAppTests */,
				9FAB4D702A026C9800323E32 /* BusinessLogicAppUITests */,
			);
		};
/* End PBXProject section */

/* Begin PBXResourcesBuildPhase section */
		9FAB4D4F2A026C9600323E32 /* Resources */ = {
			isa = PBXResourcesBuildPhase;
			buildActionMask = 2147483647;
			files = (
				9FAB4D612A026C9700323E32 /* LaunchScreen.storyboard in Resources */,
				9FAB4D5E2A026C9700323E32 /* Assets.xcassets in Resources */,
				9FAB4D5C2A026C9600323E32 /* Main.storyboard in Resources */,
			);
			runOnlyForDeploymentPostprocessing = 0;
		};
		9FAB4D652A026C9800323E32 /* Resources */ = {
			isa = PBXResourcesBuildPhase;
			buildActionMask = 2147483647;
			files = (
			);
			runOnlyForDeploymentPostprocessing = 0;
		};
		9FAB4D6F2A026C9800323E32 /* Resources */ = {
			isa = PBXResourcesBuildPhase;
			buildActionMask = 2147483647;
			files = (
			);
			runOnlyForDeploymentPostprocessing = 0;
		};
/* End PBXResourcesBuildPhase section */

/* Begin PBXSourcesBuildPhase section */
		9FAB4D4D2A026C9600323E32 /* Sources */ = {
			isa = PBXSourcesBuildPhase;
			buildActionMask = 2147483647;
			files = (
				9FAB4D592A026C9600323E32 /* ViewController.swift in Sources */,
				9FAB4D552A026C9600323E32 /* AppDelegate.swift in Sources */,
				9FAB4D572A026C9600323E32 /* SceneDelegate.swift in Sources */,
			);
			runOnlyForDeploymentPostprocessing = 0;
		};
		9FAB4D632A026C9800323E32 /* Sources */ = {
			isa = PBXSourcesBuildPhase;
			buildActionMask = 2147483647;
			files = (
				9FAB4D6C2A026C9800323E32 /* BusinessLogicAppTests.swift in Sources */,
			);
			runOnlyForDeploymentPostprocessing = 0;
		};
		9FAB4D6D2A026C9800323E32 /* Sources */ = {
			isa = PBXSourcesBuildPhase;
			buildActionMask = 2147483647;
			files = (
				9FAB4D762A026C9800323E32 /* BusinessLogicAppUITests.swift in Sources */,
				9FAB4D782A026C9800323E32 /* BusinessLogicAppUITestsLaunchTests.swift in Sources */,
			);
			runOnlyForDeploymentPostprocessing = 0;
		};
/* End PBXSourcesBuildPhase section */

/* Begin PBXTargetDependency section */
		9FAB4D692A026C9800323E32 /* PBXTargetDependency */ = {
			isa = PBXTargetDependency;
			target = 9FAB4D502A026C9600323E32 /* BusinessLogicApp */;
			targetProxy = 9FAB4D682A026C9800323E32 /* PBXContainerItemProxy */;
		};
		9FAB4D732A026C9800323E32 /* PBXTargetDependency */ = {
			isa = PBXTargetDependency;
			target = 9FAB4D502A026C9600323E32 /* BusinessLogicApp */;
			targetProxy = 9FAB4D722A026C9800323E32 /* PBXContainerItemProxy */;
		};
/* End PBXTargetDependency section */

/* Begin PBXVariantGroup section */
		9FAB4D5A2A026C9600323E32 /* Main.storyboard */ = {
			isa = PBXVariantGroup;
			children = (
				9FAB4D5B2A026C9600323E32 /* Base */,
			);
			name = Main.storyboard;
			sourceTree = "<group>";
		};
		9FAB4D5F2A026C9700323E32 /* LaunchScreen.storyboard */ = {
			isa = PBXVariantGroup;
			children = (
				9FAB4D602A026C9700323E32 /* Base */,
			);
			name = LaunchScreen.storyboard;
			sourceTree = "<group>";
		};
/* End PBXVariantGroup section */

/* Begin XCBuildConfiguration section */
		9FAB4D792A026C9800323E32 /* Debug */ = {
			isa = XCBuildConfiguration;
			buildSettings = {
				ALWAYS_SEARCH_USER_PATHS = NO;
				CLANG_ANALYZER_NONNULL = YES;
				CLANG_ANALYZER_NUMBER_OBJECT_CONVERSION = YES_AGGRESSIVE;
				CLANG_CXX_LANGUAGE_STANDARD = "gnu++20";
				CLANG_ENABLE_MODULES = YES;
				CLANG_ENABLE_OBJC_ARC = YES;
				CLANG_ENABLE_OBJC_WEAK = YES;
				CLANG_WARN_BLOCK_CAPTURE_AUTORELEASING = YES;
				CLANG_WARN_BOOL_CONVERSION = YES;
				CLANG_WARN_COMMA = YES;
				CLANG_WARN_CONSTANT_CONVERSION = YES;
				CLANG_WARN_DEPRECATED_OBJC_IMPLEMENTATIONS = YES;
				CLANG_WARN_DIRECT_OBJC_ISA_USAGE = YES_ERROR;
				CLANG_WARN_DOCUMENTATION_COMMENTS = YES;
				CLANG_WARN_EMPTY_BODY = YES;
				CLANG_WARN_ENUM_CONVERSION = YES;
				CLANG_WARN_INFINITE_RECURSION = YES;
				CLANG_WARN_INT_CONVERSION = YES;
				CLANG_WARN_NON_LITERAL_NULL_CONVERSION = YES;
				CLANG_WARN_OBJC_IMPLICIT_RETAIN_SELF = YES;
				CLANG_WARN_OBJC_LITERAL_CONVERSION = YES;
				CLANG_WARN_OBJC_ROOT_CLASS = YES_ERROR;
				CLANG_WARN_QUOTED_INCLUDE_IN_FRAMEWORK_HEADER = YES;
				CLANG_WARN_RANGE_LOOP_ANALYSIS = YES;
				CLANG_WARN_STRICT_PROTOTYPES = YES;
				CLANG_WARN_SUSPICIOUS_MOVE = YES;
				CLANG_WARN_UNGUARDED_AVAILABILITY = YES_AGGRESSIVE;
				CLANG_WARN_UNREACHABLE_CODE = YES;
				CLANG_WARN__DUPLICATE_METHOD_MATCH = YES;
				COPY_PHASE_STRIP = NO;
				DEBUG_INFORMATION_FORMAT = dwarf;
				ENABLE_STRICT_OBJC_MSGSEND = YES;
				ENABLE_TESTABILITY = YES;
				GCC_C_LANGUAGE_STANDARD = gnu11;
				GCC_DYNAMIC_NO_PIC = NO;
				GCC_NO_COMMON_BLOCKS = YES;
				GCC_OPTIMIZATION_LEVEL = 0;
				GCC_PREPROCESSOR_DEFINITIONS = (
					"DEBUG=1",
					"$(inherited)",
				);
				GCC_WARN_64_TO_32_BIT_CONVERSION = YES;
				GCC_WARN_ABOUT_RETURN_TYPE = YES_ERROR;
				GCC_WARN_UNDECLARED_SELECTOR = YES;
				GCC_WARN_UNINITIALIZED_AUTOS = YES_AGGRESSIVE;
				GCC_WARN_UNUSED_FUNCTION = YES;
				GCC_WARN_UNUSED_VARIABLE = YES;
				IPHONEOS_DEPLOYMENT_TARGET = 16.2;
				MTL_ENABLE_DEBUG_INFO = INCLUDE_SOURCE;
				MTL_FAST_MATH = YES;
				ONLY_ACTIVE_ARCH = YES;
				SDKROOT = iphoneos;
				SWIFT_ACTIVE_COMPILATION_CONDITIONS = DEBUG;
				SWIFT_OPTIMIZATION_LEVEL = "-Onone";
			};
			name = Debug;
		};
		9FAB4D7A2A026C9800323E32 /* Release */ = {
			isa = XCBuildConfiguration;
			buildSettings = {
				ALWAYS_SEARCH_USER_PATHS = NO;
				CLANG_ANALYZER_NONNULL = YES;
				CLANG_ANALYZER_NUMBER_OBJECT_CONVERSION = YES_AGGRESSIVE;
				CLANG_CXX_LANGUAGE_STANDARD = "gnu++20";
				CLANG_ENABLE_MODULES = YES;
				CLANG_ENABLE_OBJC_ARC = YES;
				CLANG_ENABLE_OBJC_WEAK = YES;
				CLANG_WARN_BLOCK_CAPTURE_AUTORELEASING = YES;
				CLANG_WARN_BOOL_CONVERSION = YES;
				CLANG_WARN_COMMA = YES;
				CLANG_WARN_CONSTANT_CONVERSION = YES;
				CLANG_WARN_DEPRECATED_OBJC_IMPLEMENTATIONS = YES;
				CLANG_WARN_DIRECT_OBJC_ISA_USAGE = YES_ERROR;
				CLANG_WARN_DOCUMENTATION_COMMENTS = YES;
				CLANG_WARN_EMPTY_BODY = YES;
				CLANG_WARN_ENUM_CONVERSION = YES;
				CLANG_WARN_INFINITE_RECURSION = YES;
				CLANG_WARN_INT_CONVERSION = YES;
				CLANG_WARN_NON_LITERAL_NULL_CONVERSION = YES;
				CLANG_WARN_OBJC_IMPLICIT_RETAIN_SELF = YES;
				CLANG_WARN_OBJC_LITERAL_CONVERSION = YES;
				CLANG_WARN_OBJC_ROOT_CLASS = YES_ERROR;
				CLANG_WARN_QUOTED_INCLUDE_IN_FRAMEWORK_HEADER = YES;
				CLANG_WARN_RANGE_LOOP_ANALYSIS = YES;
				CLANG_WARN_STRICT_PROTOTYPES = YES;
				CLANG_WARN_SUSPICIOUS_MOVE = YES;
				CLANG_WARN_UNGUARDED_AVAILABILITY = YES_AGGRESSIVE;
				CLANG_WARN_UNREACHABLE_CODE = YES;
				CLANG_WARN__DUPLICATE_METHOD_MATCH = YES;
				COPY_PHASE_STRIP = NO;
				DEBUG_INFORMATION_FORMAT = "dwarf-with-dsym";
				ENABLE_NS_ASSERTIONS = NO;
				ENABLE_STRICT_OBJC_MSGSEND = YES;
				GCC_C_LANGUAGE_STANDARD = gnu11;
				GCC_NO_COMMON_BLOCKS = YES;
				GCC_WARN_64_TO_32_BIT_CONVERSION = YES;
				GCC_WARN_ABOUT_RETURN_TYPE = YES_ERROR;
				GCC_WARN_UNDECLARED_SELECTOR = YES;
				GCC_WARN_UNINITIALIZED_AUTOS = YES_AGGRESSIVE;
				GCC_WARN_UNUSED_FUNCTION = YES;
				GCC_WARN_UNUSED_VARIABLE = YES;
				IPHONEOS_DEPLOYMENT_TARGET = 16.2;
				MTL_ENABLE_DEBUG_INFO = NO;
				MTL_FAST_MATH = YES;
				SDKROOT = iphoneos;
				SWIFT_COMPILATION_MODE = wholemodule;
				SWIFT_OPTIMIZATION_LEVEL = "-O";
				VALIDATE_PRODUCT = YES;
			};
			name = Release;
		};
		9FAB4D7C2A026C9800323E32 /* Debug */ = {
			isa = XCBuildConfiguration;
			buildSettings = {
				ASSETCATALOG_COMPILER_APPICON_NAME = AppIcon;
				ASSETCATALOG_COMPILER_GLOBAL_ACCENT_COLOR_NAME = AccentColor;
				CODE_SIGN_STYLE = Automatic;
				CURRENT_PROJECT_VERSION = 1;
				DEVELOPMENT_TEAM = 9SYYHHW639;
				GENERATE_INFOPLIST_FILE = YES;
				INFOPLIST_FILE = BusinessLogicApp/Info.plist;
				INFOPLIST_KEY_UIApplicationSupportsIndirectInputEvents = YES;
				INFOPLIST_KEY_UILaunchStoryboardName = LaunchScreen;
				INFOPLIST_KEY_UIMainStoryboardFile = Main;
				INFOPLIST_KEY_UISupportedInterfaceOrientations_iPad = "UIInterfaceOrientationPortrait UIInterfaceOrientationPortraitUpsideDown UIInterfaceOrientationLandscapeLeft UIInterfaceOrientationLandscapeRight";
				INFOPLIST_KEY_UISupportedInterfaceOrientations_iPhone = "UIInterfaceOrientationPortrait UIInterfaceOrientationLandscapeLeft UIInterfaceOrientationLandscapeRight";
				LD_RUNPATH_SEARCH_PATHS = (
					"$(inherited)",
					"@executable_path/Frameworks",
				);
				MARKETING_VERSION = 1.0;
				PRODUCT_BUNDLE_IDENTIFIER = kyoko.BusinessLogicApp;
				PRODUCT_NAME = "$(TARGET_NAME)";
				SWIFT_EMIT_LOC_STRINGS = YES;
				SWIFT_VERSION = 5.0;
				TARGETED_DEVICE_FAMILY = "1,2";
			};
			name = Debug;
		};
		9FAB4D7D2A026C9800323E32 /* Release */ = {
			isa = XCBuildConfiguration;
			buildSettings = {
				ASSETCATALOG_COMPILER_APPICON_NAME = AppIcon;
				ASSETCATALOG_COMPILER_GLOBAL_ACCENT_COLOR_NAME = AccentColor;
				CODE_SIGN_STYLE = Automatic;
				CURRENT_PROJECT_VERSION = 1;
				DEVELOPMENT_TEAM = 9SYYHHW639;
				GENERATE_INFOPLIST_FILE = YES;
				INFOPLIST_FILE = BusinessLogicApp/Info.plist;
				INFOPLIST_KEY_UIApplicationSupportsIndirectInputEvents = YES;
				INFOPLIST_KEY_UILaunchStoryboardName = LaunchScreen;
				INFOPLIST_KEY_UIMainStoryboardFile = Main;
				INFOPLIST_KEY_UISupportedInterfaceOrientations_iPad = "UIInterfaceOrientationPortrait UIInterfaceOrientationPortraitUpsideDown UIInterfaceOrientationLandscapeLeft UIInterfaceOrientationLandscapeRight";
				INFOPLIST_KEY_UISupportedInterfaceOrientations_iPhone = "UIInterfaceOrientationPortrait UIInterfaceOrientationLandscapeLeft UIInterfaceOrientationLandscapeRight";
				LD_RUNPATH_SEARCH_PATHS = (
					"$(inherited)",
					"@executable_path/Frameworks",
				);
				MARKETING_VERSION = 1.0;
				PRODUCT_BUNDLE_IDENTIFIER = kyoko.BusinessLogicApp;
				PRODUCT_NAME = "$(TARGET_NAME)";
				SWIFT_EMIT_LOC_STRINGS = YES;
				SWIFT_VERSION = 5.0;
				TARGETED_DEVICE_FAMILY = "1,2";
			};
			name = Release;
		};
		9FAB4D7F2A026C9800323E32 /* Debug */ = {
			isa = XCBuildConfiguration;
			buildSettings = {
				ALWAYS_EMBED_SWIFT_STANDARD_LIBRARIES = YES;
				BUNDLE_LOADER = "$(TEST_HOST)";
				CODE_SIGN_STYLE = Automatic;
				CURRENT_PROJECT_VERSION = 1;
				DEVELOPMENT_TEAM = 9SYYHHW639;
				GENERATE_INFOPLIST_FILE = YES;
				IPHONEOS_DEPLOYMENT_TARGET = 16.2;
				MARKETING_VERSION = 1.0;
				PRODUCT_BUNDLE_IDENTIFIER = kyoko.BusinessLogicAppTests;
				PRODUCT_NAME = "$(TARGET_NAME)";
				SWIFT_EMIT_LOC_STRINGS = NO;
				SWIFT_VERSION = 5.0;
				TARGETED_DEVICE_FAMILY = "1,2";
				TEST_HOST = "$(BUILT_PRODUCTS_DIR)/BusinessLogicApp.app/$(BUNDLE_EXECUTABLE_FOLDER_PATH)/BusinessLogicApp";
			};
			name = Debug;
		};
		9FAB4D802A026C9800323E32 /* Release */ = {
			isa = XCBuildConfiguration;
			buildSettings = {
				ALWAYS_EMBED_SWIFT_STANDARD_LIBRARIES = YES;
				BUNDLE_LOADER = "$(TEST_HOST)";
				CODE_SIGN_STYLE = Automatic;
				CURRENT_PROJECT_VERSION = 1;
				DEVELOPMENT_TEAM = 9SYYHHW639;
				GENERATE_INFOPLIST_FILE = YES;
				IPHONEOS_DEPLOYMENT_TARGET = 16.2;
				MARKETING_VERSION = 1.0;
				PRODUCT_BUNDLE_IDENTIFIER = kyoko.BusinessLogicAppTests;
				PRODUCT_NAME = "$(TARGET_NAME)";
				SWIFT_EMIT_LOC_STRINGS = NO;
				SWIFT_VERSION = 5.0;
				TARGETED_DEVICE_FAMILY = "1,2";
				TEST_HOST = "$(BUILT_PRODUCTS_DIR)/BusinessLogicApp.app/$(BUNDLE_EXECUTABLE_FOLDER_PATH)/BusinessLogicApp";
			};
			name = Release;
		};
		9FAB4D822A026C9800323E32 /* Debug */ = {
			isa = XCBuildConfiguration;
			buildSettings = {
				ALWAYS_EMBED_SWIFT_STANDARD_LIBRARIES = YES;
				CODE_SIGN_STYLE = Automatic;
				CURRENT_PROJECT_VERSION = 1;
				DEVELOPMENT_TEAM = 9SYYHHW639;
				GENERATE_INFOPLIST_FILE = YES;
				MARKETING_VERSION = 1.0;
				PRODUCT_BUNDLE_IDENTIFIER = kyoko.BusinessLogicAppUITests;
				PRODUCT_NAME = "$(TARGET_NAME)";
				SWIFT_EMIT_LOC_STRINGS = NO;
				SWIFT_VERSION = 5.0;
				TARGETED_DEVICE_FAMILY = "1,2";
				TEST_TARGET_NAME = BusinessLogicApp;
			};
			name = Debug;
		};
		9FAB4D832A026C9800323E32 /* Release */ = {
			isa = XCBuildConfiguration;
			buildSettings = {
				ALWAYS_EMBED_SWIFT_STANDARD_LIBRARIES = YES;
				CODE_SIGN_STYLE = Automatic;
				CURRENT_PROJECT_VERSION = 1;
				DEVELOPMENT_TEAM = 9SYYHHW639;
				GENERATE_INFOPLIST_FILE = YES;
				MARKETING_VERSION = 1.0;
				PRODUCT_BUNDLE_IDENTIFIER = kyoko.BusinessLogicAppUITests;
				PRODUCT_NAME = "$(TARGET_NAME)";
				SWIFT_EMIT_LOC_STRINGS = NO;
				SWIFT_VERSION = 5.0;
				TARGETED_DEVICE_FAMILY = "1,2";
				TEST_TARGET_NAME = BusinessLogicApp;
			};
			name = Release;
		};
/* End XCBuildConfiguration section */

/* Begin XCConfigurationList section */
		9FAB4D4C2A026C9600323E32 /* Build configuration list for PBXProject "BusinessLogicApp" */ = {
			isa = XCConfigurationList;
			buildConfigurations = (
				9FAB4D792A026C9800323E32 /* Debug */,
				9FAB4D7A2A026C9800323E32 /* Release */,
			);
			defaultConfigurationIsVisible = 0;
			defaultConfigurationName = Release;
		};
		9FAB4D7B2A026C9800323E32 /* Build configuration list for PBXNativeTarget "BusinessLogicApp" */ = {
			isa = XCConfigurationList;
			buildConfigurations = (
				9FAB4D7C2A026C9800323E32 /* Debug */,
				9FAB4D7D2A026C9800323E32 /* Release */,
			);
			defaultConfigurationIsVisible = 0;
			defaultConfigurationName = Release;
		};
		9FAB4D7E2A026C9800323E32 /* Build configuration list for PBXNativeTarget "BusinessLogicAppTests" */ = {
			isa = XCConfigurationList;
			buildConfigurations = (
				9FAB4D7F2A026C9800323E32 /* Debug */,
				9FAB4D802A026C9800323E32 /* Release */,
			);
			defaultConfigurationIsVisible = 0;
			defaultConfigurationName = Release;
		};
		9FAB4D812A026C9800323E32 /* Build configuration list for PBXNativeTarget "BusinessLogicAppUITests" */ = {
			isa = XCConfigurationList;
			buildConfigurations = (
				9FAB4D822A026C9800323E32 /* Debug */,
				9FAB4D832A026C9800323E32 /* Release */,
			);
			defaultConfigurationIsVisible = 0;
			defaultConfigurationName = Release;
		};
/* End XCConfigurationList section */
	};
	rootObject = 9FAB4D492A026C9600323E32 /* Project object */;
}
